
Microsoft Visual Studio Solution File, Format Version 12.00
# Visual Studio 15
VisualStudioVersion = 15.0.27703.2018
MinimumVisualStudioVersion = 10.0.40219.1
Project("{FAE04EC0-301F-11D3-BF4B-00C04F79EFBC}") = "LearnGit.Android", "LearnGit\LearnGit.Android\LearnGit.Android.csproj", "{5B2ED328-A16B-4B3D-BECE-3F8F2DC150C0}"
EndProject
Project("{FAE04EC0-301F-11D3-BF4B-00C04F79EFBC}") = "LearnGit.iOS", "LearnGit\LearnGit.iOS\LearnGit.iOS.csproj", "{65A08ADC-3E03-41B1-AF07-CA0EFD84556E}"
EndProject
Project("{FAE04EC0-301F-11D3-BF4B-00C04F79EFBC}") = "LearnGit.UWP", "LearnGit\LearnGit.UWP\LearnGit.UWP.csproj", "{813FCD94-0691-4AB8-AB09-D0F1E9B89628}"
EndProject
Project("{D954291E-2A0B-460D-934E-DC6B0785DB48}") = "LearnGit", "LearnGit\LearnGit\LearnGit.shproj", "{ECD50A2F-34F1-450A-BF4A-35FA3E6E8A5B}"
EndProject
Global
	GlobalSection(SharedMSBuildProjectFiles) = preSolution
		LearnGit\LearnGit\LearnGit.projitems*{5b2ed328-a16b-4b3d-bece-3f8f2dc150c0}*SharedItemsImports = 4
		LearnGit\LearnGit\LearnGit.projitems*{65a08adc-3e03-41b1-af07-ca0efd84556e}*SharedItemsImports = 4
		LearnGit\LearnGit\LearnGit.projitems*{813fcd94-0691-4ab8-ab09-d0f1e9b89628}*SharedItemsImports = 4
		LearnGit\LearnGit\LearnGit.projitems*{ecd50a2f-34f1-450a-bf4a-35fa3e6e8a5b}*SharedItemsImports = 13
	EndGlobalSection
	GlobalSection(SolutionConfigurationPlatforms) = preSolution
		Ad-Hoc|Any CPU = Ad-Hoc|Any CPU
		Ad-Hoc|ARM = Ad-Hoc|ARM
		Ad-Hoc|iPhone = Ad-Hoc|iPhone
		Ad-Hoc|iPhoneSimulator = Ad-Hoc|iPhoneSimulator
		Ad-Hoc|x64 = Ad-Hoc|x64
		Ad-Hoc|x86 = Ad-Hoc|x86
		AppStore|Any CPU = AppStore|Any CPU
		AppStore|ARM = AppStore|ARM
		AppStore|iPhone = AppStore|iPhone
		AppStore|iPhoneSimulator = AppStore|iPhoneSimulator
		AppStore|x64 = AppStore|x64
		AppStore|x86 = AppStore|x86
		Debug|Any CPU = Debug|Any CPU
		Debug|ARM = Debug|ARM
		Debug|iPhone = Debug|iPhone
		Debug|iPhoneSimulator = Debug|iPhoneSimulator
		Debug|x64 = Debug|x64
		Debug|x86 = Debug|x86
		Release|Any CPU = Release|Any CPU
		Release|ARM = Release|ARM
		Release|iPhone = Release|iPhone
		Release|iPhoneSimulator = Release|iPhoneSimulator
		Release|x64 = Release|x64
		Release|x86 = Release|x86
	EndGlobalSection
	GlobalSection(ProjectConfigurationPlatforms) = postSolution
		{5B2ED328-A16B-4B3D-BECE-3F8F2DC150C0}.Ad-Hoc|Any CPU.ActiveCfg = Release|Any CPU
		{5B2ED328-A16B-4B3D-BECE-3F8F2DC150C0}.Ad-Hoc|Any CPU.Build.0 = Release|Any CPU
		{5B2ED328-A16B-4B3D-BECE-3F8F2DC150C0}.Ad-Hoc|Any CPU.Deploy.0 = Release|Any CPU
		{5B2ED328-A16B-4B3D-BECE-3F8F2DC150C0}.Ad-Hoc|ARM.ActiveCfg = Release|Any CPU
		{5B2ED328-A16B-4B3D-BECE-3F8F2DC150C0}.Ad-Hoc|ARM.Build.0 = Release|Any CPU
		{5B2ED328-A16B-4B3D-BECE-3F8F2DC150C0}.Ad-Hoc|ARM.Deploy.0 = Release|Any CPU
		{5B2ED328-A16B-4B3D-BECE-3F8F2DC150C0}.Ad-Hoc|iPhone.ActiveCfg = Release|Any CPU
		{5B2ED328-A16B-4B3D-BECE-3F8F2DC150C0}.Ad-Hoc|iPhone.Build.0 = Release|Any CPU
		{5B2ED328-A16B-4B3D-BECE-3F8F2DC150C0}.Ad-Hoc|iPhone.Deploy.0 = Release|Any CPU
		{5B2ED328-A16B-4B3D-BECE-3F8F2DC150C0}.Ad-Hoc|iPhoneSimulator.ActiveCfg = Release|Any CPU
		{5B2ED328-A16B-4B3D-BECE-3F8F2DC150C0}.Ad-Hoc|iPhoneSimulator.Build.0 = Release|Any CPU
		{5B2ED328-A16B-4B3D-BECE-3F8F2DC150C0}.Ad-Hoc|iPhoneSimulator.Deploy.0 = Release|Any CPU
		{5B2ED328-A16B-4B3D-BECE-3F8F2DC150C0}.Ad-Hoc|x64.ActiveCfg = Release|Any CPU
		{5B2ED328-A16B-4B3D-BECE-3F8F2DC150C0}.Ad-Hoc|x64.Build.0 = Release|Any CPU
		{5B2ED328-A16B-4B3D-BECE-3F8F2DC150C0}.Ad-Hoc|x64.Deploy.0 = Release|Any CPU
		{5B2ED328-A16B-4B3D-BECE-3F8F2DC150C0}.Ad-Hoc|x86.ActiveCfg = Release|Any CPU
		{5B2ED328-A16B-4B3D-BECE-3F8F2DC150C0}.Ad-Hoc|x86.Build.0 = Release|Any CPU
		{5B2ED328-A16B-4B3D-BECE-3F8F2DC150C0}.Ad-Hoc|x86.Deploy.0 = Release|Any CPU
		{5B2ED328-A16B-4B3D-BECE-3F8F2DC150C0}.AppStore|Any CPU.ActiveCfg = Release|Any CPU
		{5B2ED328-A16B-4B3D-BECE-3F8F2DC150C0}.AppStore|Any CPU.Build.0 = Release|Any CPU
		{5B2ED328-A16B-4B3D-BECE-3F8F2DC150C0}.AppStore|Any CPU.Deploy.0 = Release|Any CPU
		{5B2ED328-A16B-4B3D-BECE-3F8F2DC150C0}.AppStore|ARM.ActiveCfg = Release|Any CPU
		{5B2ED328-A16B-4B3D-BECE-3F8F2DC150C0}.AppStore|ARM.Build.0 = Release|Any CPU
		{5B2ED328-A16B-4B3D-BECE-3F8F2DC150C0}.AppStore|ARM.Deploy.0 = Release|Any CPU
		{5B2ED328-A16B-4B3D-BECE-3F8F2DC150C0}.AppStore|iPhone.ActiveCfg = Release|Any CPU
		{5B2ED328-A16B-4B3D-BECE-3F8F2DC150C0}.AppStore|iPhone.Build.0 = Release|Any CPU
		{5B2ED328-A16B-4B3D-BECE-3F8F2DC150C0}.AppStore|iPhone.Deploy.0 = Release|Any CPU
		{5B2ED328-A16B-4B3D-BECE-3F8F2DC150C0}.AppStore|iPhoneSimulator.ActiveCfg = Release|Any CPU
		{5B2ED328-A16B-4B3D-BECE-3F8F2DC150C0}.AppStore|iPhoneSimulator.Build.0 = Release|Any CPU
		{5B2ED328-A16B-4B3D-BECE-3F8F2DC150C0}.AppStore|iPhoneSimulator.Deploy.0 = Release|Any CPU
		{5B2ED328-A16B-4B3D-BECE-3F8F2DC150C0}.AppStore|x64.ActiveCfg = Release|Any CPU
		{5B2ED328-A16B-4B3D-BECE-3F8F2DC150C0}.AppStore|x64.Build.0 = Release|Any CPU
		{5B2ED328-A16B-4B3D-BECE-3F8F2DC150C0}.AppStore|x64.Deploy.0 = Release|Any CPU
		{5B2ED328-A16B-4B3D-BECE-3F8F2DC150C0}.AppStore|x86.ActiveCfg = Release|Any CPU
		{5B2ED328-A16B-4B3D-BECE-3F8F2DC150C0}.AppStore|x86.Build.0 = Release|Any CPU
		{5B2ED328-A16B-4B3D-BECE-3F8F2DC150C0}.AppStore|x86.Deploy.0 = Release|Any CPU
		{5B2ED328-A16B-4B3D-BECE-3F8F2DC150C0}.Debug|Any CPU.ActiveCfg = Debug|Any CPU
		{5B2ED328-A16B-4B3D-BECE-3F8F2DC150C0}.Debug|Any CPU.Build.0 = Debug|Any CPU
		{5B2ED328-A16B-4B3D-BECE-3F8F2DC150C0}.Debug|Any CPU.Deploy.0 = Debug|Any CPU
		{5B2ED328-A16B-4B3D-BECE-3F8F2DC150C0}.Debug|ARM.ActiveCfg = Debug|Any CPU
		{5B2ED328-A16B-4B3D-BECE-3F8F2DC150C0}.Debug|ARM.Build.0 = Debug|Any CPU
		{5B2ED328-A16B-4B3D-BECE-3F8F2DC150C0}.Debug|ARM.Deploy.0 = Debug|Any CPU
		{5B2ED328-A16B-4B3D-BECE-3F8F2DC150C0}.Debug|iPhone.ActiveCfg = Debug|Any CPU
		{5B2ED328-A16B-4B3D-BECE-3F8F2DC150C0}.Debug|iPhone.Build.0 = Debug|Any CPU
		{5B2ED328-A16B-4B3D-BECE-3F8F2DC150C0}.Debug|iPhone.Deploy.0 = Debug|Any CPU
		{5B2ED328-A16B-4B3D-BECE-3F8F2DC150C0}.Debug|iPhoneSimulator.ActiveCfg = Debug|Any CPU
		{5B2ED328-A16B-4B3D-BECE-3F8F2DC150C0}.Debug|iPhoneSimulator.Build.0 = Debug|Any CPU
		{5B2ED328-A16B-4B3D-BECE-3F8F2DC150C0}.Debug|iPhoneSimulator.Deploy.0 = Debug|Any CPU
		{5B2ED328-A16B-4B3D-BECE-3F8F2DC150C0}.Debug|x64.ActiveCfg = Debug|Any CPU
		{5B2ED328-A16B-4B3D-BECE-3F8F2DC150C0}.Debug|x64.Build.0 = Debug|Any CPU
		{5B2ED328-A16B-4B3D-BECE-3F8F2DC150C0}.Debug|x64.Deploy.0 = Debug|Any CPU
		{5B2ED328-A16B-4B3D-BECE-3F8F2DC150C0}.Debug|x86.ActiveCfg = Debug|Any CPU
		{5B2ED328-A16B-4B3D-BECE-3F8F2DC150C0}.Debug|x86.Build.0 = Debug|Any CPU
		{5B2ED328-A16B-4B3D-BECE-3F8F2DC150C0}.Debug|x86.Deploy.0 = Debug|Any CPU
		{5B2ED328-A16B-4B3D-BECE-3F8F2DC150C0}.Release|Any CPU.ActiveCfg = Release|Any CPU
		{5B2ED328-A16B-4B3D-BECE-3F8F2DC150C0}.Release|Any CPU.Build.0 = Release|Any CPU
		{5B2ED328-A16B-4B3D-BECE-3F8F2DC150C0}.Release|Any CPU.Deploy.0 = Release|Any CPU
		{5B2ED328-A16B-4B3D-BECE-3F8F2DC150C0}.Release|ARM.ActiveCfg = Release|Any CPU
		{5B2ED328-A16B-4B3D-BECE-3F8F2DC150C0}.Release|ARM.Build.0 = Release|Any CPU
		{5B2ED328-A16B-4B3D-BECE-3F8F2DC150C0}.Release|ARM.Deploy.0 = Release|Any CPU
		{5B2ED328-A16B-4B3D-BECE-3F8F2DC150C0}.Release|iPhone.ActiveCfg = Release|Any CPU
		{5B2ED328-A16B-4B3D-BECE-3F8F2DC150C0}.Release|iPhone.Build.0 = Release|Any CPU
		{5B2ED328-A16B-4B3D-BECE-3F8F2DC150C0}.Release|iPhone.Deploy.0 = Release|Any CPU
		{5B2ED328-A16B-4B3D-BECE-3F8F2DC150C0}.Release|iPhoneSimulator.ActiveCfg = Release|Any CPU
		{5B2ED328-A16B-4B3D-BECE-3F8F2DC150C0}.Release|iPhoneSimulator.Build.0 = Release|Any CPU
		{5B2ED328-A16B-4B3D-BECE-3F8F2DC150C0}.Release|iPhoneSimulator.Deploy.0 = Release|Any CPU
		{5B2ED328-A16B-4B3D-BECE-3F8F2DC150C0}.Release|x64.ActiveCfg = Release|Any CPU
		{5B2ED328-A16B-4B3D-BECE-3F8F2DC150C0}.Release|x64.Build.0 = Release|Any CPU
		{5B2ED328-A16B-4B3D-BECE-3F8F2DC150C0}.Release|x64.Deploy.0 = Release|Any CPU
		{5B2ED328-A16B-4B3D-BECE-3F8F2DC150C0}.Release|x86.ActiveCfg = Release|Any CPU
		{5B2ED328-A16B-4B3D-BECE-3F8F2DC150C0}.Release|x86.Build.0 = Release|Any CPU
		{5B2ED328-A16B-4B3D-BECE-3F8F2DC150C0}.Release|x86.Deploy.0 = Release|Any CPU
		{65A08ADC-3E03-41B1-AF07-CA0EFD84556E}.Ad-Hoc|Any CPU.ActiveCfg = Ad-Hoc|iPhone
		{65A08ADC-3E03-41B1-AF07-CA0EFD84556E}.Ad-Hoc|Any CPU.Build.0 = Ad-Hoc|iPhone
		{65A08ADC-3E03-41B1-AF07-CA0EFD84556E}.Ad-Hoc|Any CPU.Deploy.0 = Ad-Hoc|iPhone
		{65A08ADC-3E03-41B1-AF07-CA0EFD84556E}.Ad-Hoc|ARM.ActiveCfg = Ad-Hoc|iPhone
		{65A08ADC-3E03-41B1-AF07-CA0EFD84556E}.Ad-Hoc|ARM.Build.0 = Ad-Hoc|iPhone
		{65A08ADC-3E03-41B1-AF07-CA0EFD84556E}.Ad-Hoc|ARM.Deploy.0 = Ad-Hoc|iPhone
		{65A08ADC-3E03-41B1-AF07-CA0EFD84556E}.Ad-Hoc|iPhone.ActiveCfg = Ad-Hoc|iPhone
		{65A08ADC-3E03-41B1-AF07-CA0EFD84556E}.Ad-Hoc|iPhone.Build.0 = Ad-Hoc|iPhone
		{65A08ADC-3E03-41B1-AF07-CA0EFD84556E}.Ad-Hoc|iPhone.Deploy.0 = Ad-Hoc|iPhone
		{65A08ADC-3E03-41B1-AF07-CA0EFD84556E}.Ad-Hoc|iPhoneSimulator.ActiveCfg = Ad-Hoc|iPhoneSimulator
		{65A08ADC-3E03-41B1-AF07-CA0EFD84556E}.Ad-Hoc|iPhoneSimulator.Build.0 = Ad-Hoc|iPhoneSimulator
		{65A08ADC-3E03-41B1-AF07-CA0EFD84556E}.Ad-Hoc|iPhoneSimulator.Deploy.0 = Ad-Hoc|iPhoneSimulator
		{65A08ADC-3E03-41B1-AF07-CA0EFD84556E}.Ad-Hoc|x64.ActiveCfg = Ad-Hoc|iPhone
		{65A08ADC-3E03-41B1-AF07-CA0EFD84556E}.Ad-Hoc|x64.Build.0 = Ad-Hoc|iPhone
		{65A08ADC-3E03-41B1-AF07-CA0EFD84556E}.Ad-Hoc|x64.Deploy.0 = Ad-Hoc|iPhone
		{65A08ADC-3E03-41B1-AF07-CA0EFD84556E}.Ad-Hoc|x86.ActiveCfg = Ad-Hoc|iPhone
		{65A08ADC-3E03-41B1-AF07-CA0EFD84556E}.Ad-Hoc|x86.Build.0 = Ad-Hoc|iPhone
		{65A08ADC-3E03-41B1-AF07-CA0EFD84556E}.Ad-Hoc|x86.Deploy.0 = Ad-Hoc|iPhone
		{65A08ADC-3E03-41B1-AF07-CA0EFD84556E}.AppStore|Any CPU.ActiveCfg = AppStore|iPhone
		{65A08ADC-3E03-41B1-AF07-CA0EFD84556E}.AppStore|Any CPU.Build.0 = AppStore|iPhone
		{65A08ADC-3E03-41B1-AF07-CA0EFD84556E}.AppStore|Any CPU.Deploy.0 = AppStore|iPhone
		{65A08ADC-3E03-41B1-AF07-CA0EFD84556E}.AppStore|ARM.ActiveCfg = AppStore|iPhone
		{65A08ADC-3E03-41B1-AF07-CA0EFD84556E}.AppStore|ARM.Build.0 = AppStore|iPhone
		{65A08ADC-3E03-41B1-AF07-CA0EFD84556E}.AppStore|ARM.Deploy.0 = AppStore|iPhone
		{65A08ADC-3E03-41B1-AF07-CA0EFD84556E}.AppStore|iPhone.ActiveCfg = AppStore|iPhone
		{65A08ADC-3E03-41B1-AF07-CA0EFD84556E}.AppStore|iPhone.Build.0 = AppStore|iPhone
		{65A08ADC-3E03-41B1-AF07-CA0EFD84556E}.AppStore|iPhone.Deploy.0 = AppStore|iPhone
		{65A08ADC-3E03-41B1-AF07-CA0EFD84556E}.AppStore|iPhoneSimulator.ActiveCfg = AppStore|iPhoneSimulator
		{65A08ADC-3E03-41B1-AF07-CA0EFD84556E}.AppStore|iPhoneSimulator.Build.0 = AppStore|iPhoneSimulator
		{65A08ADC-3E03-41B1-AF07-CA0EFD84556E}.AppStore|iPhoneSimulator.Deploy.0 = AppStore|iPhoneSimulator
		{65A08ADC-3E03-41B1-AF07-CA0EFD84556E}.AppStore|x64.ActiveCfg = AppStore|iPhone
		{65A08ADC-3E03-41B1-AF07-CA0EFD84556E}.AppStore|x64.Build.0 = AppStore|iPhone
		{65A08ADC-3E03-41B1-AF07-CA0EFD84556E}.AppStore|x64.Deploy.0 = AppStore|iPhone
		{65A08ADC-3E03-41B1-AF07-CA0EFD84556E}.AppStore|x86.ActiveCfg = AppStore|iPhone
		{65A08ADC-3E03-41B1-AF07-CA0EFD84556E}.AppStore|x86.Build.0 = AppStore|iPhone
		{65A08ADC-3E03-41B1-AF07-CA0EFD84556E}.AppStore|x86.Deploy.0 = AppStore|iPhone
		{65A08ADC-3E03-41B1-AF07-CA0EFD84556E}.Debug|Any CPU.ActiveCfg = Debug|iPhoneSimulator
		{65A08ADC-3E03-41B1-AF07-CA0EFD84556E}.Debug|Any CPU.Build.0 = Debug|iPhoneSimulator
		{65A08ADC-3E03-41B1-AF07-CA0EFD84556E}.Debug|Any CPU.Deploy.0 = Debug|iPhoneSimulator
		{65A08ADC-3E03-41B1-AF07-CA0EFD84556E}.Debug|ARM.ActiveCfg = Debug|iPhone
		{65A08ADC-3E03-41B1-AF07-CA0EFD84556E}.Debug|ARM.Build.0 = Debug|iPhone
		{65A08ADC-3E03-41B1-AF07-CA0EFD84556E}.Debug|ARM.Deploy.0 = Debug|iPhone
		{65A08ADC-3E03-41B1-AF07-CA0EFD84556E}.Debug|iPhone.ActiveCfg = Debug|iPhone
		{65A08ADC-3E03-41B1-AF07-CA0EFD84556E}.Debug|iPhone.Build.0 = Debug|iPhone
		{65A08ADC-3E03-41B1-AF07-CA0EFD84556E}.Debug|iPhone.Deploy.0 = Debug|iPhone
		{65A08ADC-3E03-41B1-AF07-CA0EFD84556E}.Debug|iPhoneSimulator.ActiveCfg = Debug|iPhoneSimulator
		{65A08ADC-3E03-41B1-AF07-CA0EFD84556E}.Debug|iPhoneSimulator.Build.0 = Debug|iPhoneSimulator
		{65A08ADC-3E03-41B1-AF07-CA0EFD84556E}.Debug|iPhoneSimulator.Deploy.0 = Debug|iPhoneSimulator
		{65A08ADC-3E03-41B1-AF07-CA0EFD84556E}.Debug|x64.ActiveCfg = Debug|iPhone
		{65A08ADC-3E03-41B1-AF07-CA0EFD84556E}.Debug|x64.Build.0 = Debug|iPhone
		{65A08ADC-3E03-41B1-AF07-CA0EFD84556E}.Debug|x64.Deploy.0 = Debug|iPhone
		{65A08ADC-3E03-41B1-AF07-CA0EFD84556E}.Debug|x86.ActiveCfg = Debug|iPhone
		{65A08ADC-3E03-41B1-AF07-CA0EFD84556E}.Debug|x86.Build.0 = Debug|iPhone
		{65A08ADC-3E03-41B1-AF07-CA0EFD84556E}.Debug|x86.Deploy.0 = Debug|iPhone
		{65A08ADC-3E03-41B1-AF07-CA0EFD84556E}.Release|Any CPU.ActiveCfg = Release|iPhone
		{65A08ADC-3E03-41B1-AF07-CA0EFD84556E}.Release|Any CPU.Build.0 = Release|iPhone
		{65A08ADC-3E03-41B1-AF07-CA0EFD84556E}.Release|Any CPU.Deploy.0 = Release|iPhone
		{65A08ADC-3E03-41B1-AF07-CA0EFD84556E}.Release|ARM.ActiveCfg = Release|iPhone
		{65A08ADC-3E03-41B1-AF07-CA0EFD84556E}.Release|ARM.Build.0 = Release|iPhone
		{65A08ADC-3E03-41B1-AF07-CA0EFD84556E}.Release|ARM.Deploy.0 = Release|iPhone
		{65A08ADC-3E03-41B1-AF07-CA0EFD84556E}.Release|iPhone.ActiveCfg = Release|iPhone
		{65A08ADC-3E03-41B1-AF07-CA0EFD84556E}.Release|iPhone.Build.0 = Release|iPhone
		{65A08ADC-3E03-41B1-AF07-CA0EFD84556E}.Release|iPhone.Deploy.0 = Release|iPhone
		{65A08ADC-3E03-41B1-AF07-CA0EFD84556E}.Release|iPhoneSimulator.ActiveCfg = Release|iPhoneSimulator
		{65A08ADC-3E03-41B1-AF07-CA0EFD84556E}.Release|iPhoneSimulator.Build.0 = Release|iPhoneSimulator
		{65A08ADC-3E03-41B1-AF07-CA0EFD84556E}.Release|iPhoneSimulator.Deploy.0 = Release|iPhoneSimulator
		{65A08ADC-3E03-41B1-AF07-CA0EFD84556E}.Release|x64.ActiveCfg = Release|iPhone
		{65A08ADC-3E03-41B1-AF07-CA0EFD84556E}.Release|x64.Build.0 = Release|iPhone
		{65A08ADC-3E03-41B1-AF07-CA0EFD84556E}.Release|x64.Deploy.0 = Release|iPhone
		{65A08ADC-3E03-41B1-AF07-CA0EFD84556E}.Release|x86.ActiveCfg = Release|iPhone
		{65A08ADC-3E03-41B1-AF07-CA0EFD84556E}.Release|x86.Build.0 = Release|iPhone
		{65A08ADC-3E03-41B1-AF07-CA0EFD84556E}.Release|x86.Deploy.0 = Release|iPhone
		{813FCD94-0691-4AB8-AB09-D0F1E9B89628}.Ad-Hoc|Any CPU.ActiveCfg = Release|x86
		{813FCD94-0691-4AB8-AB09-D0F1E9B89628}.Ad-Hoc|Any CPU.Build.0 = Release|x86
		{813FCD94-0691-4AB8-AB09-D0F1E9B89628}.Ad-Hoc|Any CPU.Deploy.0 = Release|x86
		{813FCD94-0691-4AB8-AB09-D0F1E9B89628}.Ad-Hoc|ARM.ActiveCfg = Release|ARM
		{813FCD94-0691-4AB8-AB09-D0F1E9B89628}.Ad-Hoc|ARM.Build.0 = Release|ARM
		{813FCD94-0691-4AB8-AB09-D0F1E9B89628}.Ad-Hoc|ARM.Deploy.0 = Release|ARM
		{813FCD94-0691-4AB8-AB09-D0F1E9B89628}.Ad-Hoc|iPhone.ActiveCfg = Release|x86
		{813FCD94-0691-4AB8-AB09-D0F1E9B89628}.Ad-Hoc|iPhone.Build.0 = Release|x86
		{813FCD94-0691-4AB8-AB09-D0F1E9B89628}.Ad-Hoc|iPhone.Deploy.0 = Release|x86
		{813FCD94-0691-4AB8-AB09-D0F1E9B89628}.Ad-Hoc|iPhoneSimulator.ActiveCfg = Release|x86
		{813FCD94-0691-4AB8-AB09-D0F1E9B89628}.Ad-Hoc|iPhoneSimulator.Build.0 = Release|x86
		{813FCD94-0691-4AB8-AB09-D0F1E9B89628}.Ad-Hoc|iPhoneSimulator.Deploy.0 = Release|x86
		{813FCD94-0691-4AB8-AB09-D0F1E9B89628}.Ad-Hoc|x64.ActiveCfg = Release|x64
		{813FCD94-0691-4AB8-AB09-D0F1E9B89628}.Ad-Hoc|x64.Build.0 = Release|x64
		{813FCD94-0691-4AB8-AB09-D0F1E9B89628}.Ad-Hoc|x64.Deploy.0 = Release|x64
		{813FCD94-0691-4AB8-AB09-D0F1E9B89628}.Ad-Hoc|x86.ActiveCfg = Release|x86
		{813FCD94-0691-4AB8-AB09-D0F1E9B89628}.Ad-Hoc|x86.Build.0 = Release|x86
		{813FCD94-0691-4AB8-AB09-D0F1E9B89628}.Ad-Hoc|x86.Deploy.0 = Release|x86
		{813FCD94-0691-4AB8-AB09-D0F1E9B89628}.AppStore|Any CPU.ActiveCfg = Release|x86
		{813FCD94-0691-4AB8-AB09-D0F1E9B89628}.AppStore|Any CPU.Build.0 = Release|x86
		{813FCD94-0691-4AB8-AB09-D0F1E9B89628}.AppStore|Any CPU.Deploy.0 = Release|x86
		{813FCD94-0691-4AB8-AB09-D0F1E9B89628}.AppStore|ARM.ActiveCfg = Release|ARM
		{813FCD94-0691-4AB8-AB09-D0F1E9B89628}.AppStore|ARM.Build.0 = Release|ARM
		{813FCD94-0691-4AB8-AB09-D0F1E9B89628}.AppStore|ARM.Deploy.0 = Release|ARM
		{813FCD94-0691-4AB8-AB09-D0F1E9B89628}.AppStore|iPhone.ActiveCfg = Release|x86
		{813FCD94-0691-4AB8-AB09-D0F1E9B89628}.AppStore|iPhone.Build.0 = Release|x86
		{813FCD94-0691-4AB8-AB09-D0F1E9B89628}.AppStore|iPhone.Deploy.0 = Release|x86
		{813FCD94-0691-4AB8-AB09-D0F1E9B89628}.AppStore|iPhoneSimulator.ActiveCfg = Release|x86
		{813FCD94-0691-4AB8-AB09-D0F1E9B89628}.AppStore|iPhoneSimulator.Build.0 = Release|x86
		{813FCD94-0691-4AB8-AB09-D0F1E9B89628}.AppStore|iPhoneSimulator.Deploy.0 = Release|x86
		{813FCD94-0691-4AB8-AB09-D0F1E9B89628}.AppStore|x64.ActiveCfg = Release|x64
		{813FCD94-0691-4AB8-AB09-D0F1E9B89628}.AppStore|x64.Build.0 = Release|x64
		{813FCD94-0691-4AB8-AB09-D0F1E9B89628}.AppStore|x64.Deploy.0 = Release|x64
		{813FCD94-0691-4AB8-AB09-D0F1E9B89628}.AppStore|x86.ActiveCfg = Release|x86
		{813FCD94-0691-4AB8-AB09-D0F1E9B89628}.AppStore|x86.Build.0 = Release|x86
		{813FCD94-0691-4AB8-AB09-D0F1E9B89628}.AppStore|x86.Deploy.0 = Release|x86
		{813FCD94-0691-4AB8-AB09-D0F1E9B89628}.Debug|Any CPU.ActiveCfg = Debug|x86
		{813FCD94-0691-4AB8-AB09-D0F1E9B89628}.Debug|Any CPU.Build.0 = Debug|x86
		{813FCD94-0691-4AB8-AB09-D0F1E9B89628}.Debug|Any CPU.Deploy.0 = Debug|x86
		{813FCD94-0691-4AB8-AB09-D0F1E9B89628}.Debug|ARM.ActiveCfg = Debug|ARM
		{813FCD94-0691-4AB8-AB09-D0F1E9B89628}.Debug|ARM.Build.0 = Debug|ARM
		{813FCD94-0691-4AB8-AB09-D0F1E9B89628}.Debug|ARM.Deploy.0 = Debug|ARM
		{813FCD94-0691-4AB8-AB09-D0F1E9B89628}.Debug|iPhone.ActiveCfg = Debug|x86
		{813FCD94-0691-4AB8-AB09-D0F1E9B89628}.Debug|iPhone.Build.0 = Debug|x86
		{813FCD94-0691-4AB8-AB09-D0F1E9B89628}.Debug|iPhone.Deploy.0 = Debug|x86
		{813FCD94-0691-4AB8-AB09-D0F1E9B89628}.Debug|iPhoneSimulator.ActiveCfg = Debug|x86
		{813FCD94-0691-4AB8-AB09-D0F1E9B89628}.Debug|iPhoneSimulator.Build.0 = Debug|x86
		{813FCD94-0691-4AB8-AB09-D0F1E9B89628}.Debug|iPhoneSimulator.Deploy.0 = Debug|x86
		{813FCD94-0691-4AB8-AB09-D0F1E9B89628}.Debug|x64.ActiveCfg = Debug|x64
		{813FCD94-0691-4AB8-AB09-D0F1E9B89628}.Debug|x64.Build.0 = Debug|x64
		{813FCD94-0691-4AB8-AB09-D0F1E9B89628}.Debug|x64.Deploy.0 = Debug|x64
		{813FCD94-0691-4AB8-AB09-D0F1E9B89628}.Debug|x86.ActiveCfg = Debug|x86
		{813FCD94-0691-4AB8-AB09-D0F1E9B89628}.Debug|x86.Build.0 = Debug|x86
		{813FCD94-0691-4AB8-AB09-D0F1E9B89628}.Debug|x86.Deploy.0 = Debug|x86
		{813FCD94-0691-4AB8-AB09-D0F1E9B89628}.Release|Any CPU.ActiveCfg = Release|x86
		{813FCD94-0691-4AB8-AB09-D0F1E9B89628}.Release|Any CPU.Build.0 = Release|x86
		{813FCD94-0691-4AB8-AB09-D0F1E9B89628}.Release|Any CPU.Deploy.0 = Release|x86
		{813FCD94-0691-4AB8-AB09-D0F1E9B89628}.Release|ARM.ActiveCfg = Release|ARM
		{813FCD94-0691-4AB8-AB09-D0F1E9B89628}.Release|ARM.Build.0 = Release|ARM
		{813FCD94-0691-4AB8-AB09-D0F1E9B89628}.Release|ARM.Deploy.0 = Release|ARM
		{813FCD94-0691-4AB8-AB09-D0F1E9B89628}.Release|iPhone.ActiveCfg = Release|x86
		{813FCD94-0691-4AB8-AB09-D0F1E9B89628}.Release|iPhone.Build.0 = Release|x86
		{813FCD94-0691-4AB8-AB09-D0F1E9B89628}.Release|iPhone.Deploy.0 = Release|x86
		{813FCD94-0691-4AB8-AB09-D0F1E9B89628}.Release|iPhoneSimulator.ActiveCfg = Release|x86
		{813FCD94-0691-4AB8-AB09-D0F1E9B89628}.Release|iPhoneSimulator.Build.0 = Release|x86
		{813FCD94-0691-4AB8-AB09-D0F1E9B89628}.Release|iPhoneSimulator.Deploy.0 = Release|x86
		{813FCD94-0691-4AB8-AB09-D0F1E9B89628}.Release|x64.ActiveCfg = Release|x64
		{813FCD94-0691-4AB8-AB09-D0F1E9B89628}.Release|x64.Build.0 = Release|x64
		{813FCD94-0691-4AB8-AB09-D0F1E9B89628}.Release|x64.Deploy.0 = Release|x64
		{813FCD94-0691-4AB8-AB09-D0F1E9B89628}.Release|x86.ActiveCfg = Release|x86
		{813FCD94-0691-4AB8-AB09-D0F1E9B89628}.Release|x86.Build.0 = Release|x86
		{813FCD94-0691-4AB8-AB09-D0F1E9B89628}.Release|x86.Deploy.0 = Release|x86
	EndGlobalSection
	GlobalSection(SolutionProperties) = preSolution
		HideSolutionNode = FALSE
	EndGlobalSection
	GlobalSection(ExtensibilityGlobals) = postSolution
		SolutionGuid = {1D27EEFD-A02F-45B5-AD52-8470602BFF6F}
	EndGlobalSection
EndGlobal
